// !$*UTF8*$!
{
	archiveVersion = 1;
	classes = {
	};
	objectVersion = 56;
	objects = {

/* Begin PBXBuildFile section */
		BCB725002955418A0041E8B6 /* AppDelegate.swift in Sources */ = {isa = PBXBuildFile; fileRef = BCB724FF2955418A0041E8B6 /* AppDelegate.swift */; };
		BCB725022955418A0041E8B6 /* SceneDelegate.swift in Sources */ = {isa = PBXBuildFile; fileRef = BCB725012955418A0041E8B6 /* SceneDelegate.swift */; };
		BCB725042955418A0041E8B6 /* ViewController.swift in Sources */ = {isa = PBXBuildFile; fileRef = BCB725032955418A0041E8B6 /* ViewController.swift */; };
		BCB725072955418A0041E8B6 /* Main.storyboard in Resources */ = {isa = PBXBuildFile; fileRef = BCB725052955418A0041E8B6 /* Main.storyboard */; };
		BCB725092955418B0041E8B6 /* Assets.xcassets in Resources */ = {isa = PBXBuildFile; fileRef = BCB725082955418B0041E8B6 /* Assets.xcassets */; };
		BCB7250C2955418B0041E8B6 /* LaunchScreen.storyboard in Resources */ = {isa = PBXBuildFile; fileRef = BCB7250A2955418B0041E8B6 /* LaunchScreen.storyboard */; };
		BCB72526295555780041E8B6 /* A.wav in Resources */ = {isa = PBXBuildFile; fileRef = BCB7251F295555780041E8B6 /* A.wav */; };
		BCB72527295555780041E8B6 /* C.wav in Resources */ = {isa = PBXBuildFile; fileRef = BCB72520295555780041E8B6 /* C.wav */; };
		BCB72528295555780041E8B6 /* B.wav in Resources */ = {isa = PBXBuildFile; fileRef = BCB72521295555780041E8B6 /* B.wav */; };
		BCB72529295555780041E8B6 /* F.wav in Resources */ = {isa = PBXBuildFile; fileRef = BCB72522295555780041E8B6 /* F.wav */; };
		BCB7252A295555780041E8B6 /* G.wav in Resources */ = {isa = PBXBuildFile; fileRef = BCB72523295555780041E8B6 /* G.wav */; };
		BCB7252B295555780041E8B6 /* E.wav in Resources */ = {isa = PBXBuildFile; fileRef = BCB72524295555780041E8B6 /* E.wav */; };
		BCB7252C295555780041E8B6 /* D.wav in Resources */ = {isa = PBXBuildFile; fileRef = BCB72525295555780041E8B6 /* D.wav */; };
/* End PBXBuildFile section */

/* Begin PBXFileReference section */
		BCB724FC2955418A0041E8B6 /* xylophone.app */ = {isa = PBXFileReference; explicitFileType = wrapper.application; includeInIndex = 0; path = xylophone.app; sourceTree = BUILT_PRODUCTS_DIR; };
		BCB724FF2955418A0041E8B6 /* AppDelegate.swift */ = {isa = PBXFileReference; lastKnownFileType = sourcecode.swift; path = AppDelegate.swift; sourceTree = "<group>"; };
		BCB725012955418A0041E8B6 /* SceneDelegate.swift */ = {isa = PBXFileReference; lastKnownFileType = sourcecode.swift; path = SceneDelegate.swift; sourceTree = "<group>"; };
		BCB725032955418A0041E8B6 /* ViewController.swift */ = {isa = PBXFileReference; lastKnownFileType = sourcecode.swift; path = ViewController.swift; sourceTree = "<group>"; };
		BCB725062955418A0041E8B6 /* Base */ = {isa = PBXFileReference; lastKnownFileType = file.storyboard; name = Base; path = Base.lproj/Main.storyboard; sourceTree = "<group>"; };
		BCB725082955418B0041E8B6 /* Assets.xcassets */ = {isa = PBXFileReference; lastKnownFileType = folder.assetcatalog; path = Assets.xcassets; sourceTree = "<group>"; };
		BCB7250B2955418B0041E8B6 /* Base */ = {isa = PBXFileReference; lastKnownFileType = file.storyboard; name = Base; path = Base.lproj/LaunchScreen.storyboard; sourceTree = "<group>"; };
		BCB7250D2955418B0041E8B6 /* Info.plist */ = {isa = PBXFileReference; lastKnownFileType = text.plist.xml; path = Info.plist; sourceTree = "<group>"; };
		BCB7251F295555780041E8B6 /* A.wav */ = {isa = PBXFileReference; lastKnownFileType = audio.wav; path = A.wav; sourceTree = "<group>"; };
		BCB72520295555780041E8B6 /* C.wav */ = {isa = PBXFileReference; lastKnownFileType = audio.wav; path = C.wav; sourceTree = "<group>"; };
		BCB72521295555780041E8B6 /* B.wav */ = {isa = PBXFileReference; lastKnownFileType = audio.wav; path = B.wav; sourceTree = "<group>"; };
		BCB72522295555780041E8B6 /* F.wav */ = {isa = PBXFileReference; lastKnownFileType = audio.wav; path = F.wav; sourceTree = "<group>"; };
		BCB72523295555780041E8B6 /* G.wav */ = {isa = PBXFileReference; lastKnownFileType = audio.wav; path = G.wav; sourceTree = "<group>"; };
		BCB72524295555780041E8B6 /* E.wav */ = {isa = PBXFileReference; lastKnownFileType = audio.wav; path = E.wav; sourceTree = "<group>"; };
		BCB72525295555780041E8B6 /* D.wav */ = {isa = PBXFileReference; lastKnownFileType = audio.wav; path = D.wav; sourceTree = "<group>"; };
/* End PBXFileReference section */

/* Begin PBXFrameworksBuildPhase section */
		BCB724F92955418A0041E8B6 /* Frameworks */ = {
			isa = PBXFrameworksBuildPhase;
			buildActionMask = 2147483647;
			files = (
			);
			runOnlyForDeploymentPostprocessing = 0;
		};
/* End PBXFrameworksBuildPhase section */

/* Begin PBXGroup section */
		BCB724F32955418A0041E8B6 = {
			isa = PBXGroup;
			children = (
				BCB724FE2955418A0041E8B6 /* xylophone */,
				BCB724FD2955418A0041E8B6 /* Products */,
			);
			sourceTree = "<group>";
		};
		BCB724FD2955418A0041E8B6 /* Products */ = {
			isa = PBXGroup;
			children = (
				BCB724FC2955418A0041E8B6 /* xylophone.app */,
			);
			name = Products;
			sourceTree = "<group>";
		};
		BCB724FE2955418A0041E8B6 /* xylophone */ = {
			isa = PBXGroup;
			children = (
				BCB724FF2955418A0041E8B6 /* AppDelegate.swift */,
				BCB725012955418A0041E8B6 /* SceneDelegate.swift */,
				BCB725032955418A0041E8B6 /* ViewController.swift */,
				BCB725052955418A0041E8B6 /* Main.storyboard */,
				BCB725082955418B0041E8B6 /* Assets.xcassets */,
				BCB7250A2955418B0041E8B6 /* LaunchScreen.storyboard */,
				BCB7250D2955418B0041E8B6 /* Info.plist */,
				BCB7251E295555780041E8B6 /* Sounds */,
			);
			path = xylophone;
			sourceTree = "<group>";
		};
		BCB7251E295555780041E8B6 /* Sounds */ = {
			isa = PBXGroup;
			children = (
				BCB7251F295555780041E8B6 /* A.wav */,
				BCB72520295555780041E8B6 /* C.wav */,
				BCB72521295555780041E8B6 /* B.wav */,
				BCB72522295555780041E8B6 /* F.wav */,
				BCB72523295555780041E8B6 /* G.wav */,
				BCB72524295555780041E8B6 /* E.wav */,
				BCB72525295555780041E8B6 /* D.wav */,
			);
			path = Sounds;
			sourceTree = "<group>";
		};
/* End PBXGroup section */

/* Begin PBXNativeTarget section */
		BCB724FB2955418A0041E8B6 /* xylophone */ = {
			isa = PBXNativeTarget;
			buildConfigurationList = BCB725102955418B0041E8B6 /* Build configuration list for PBXNativeTarget "xylophone" */;
			buildPhases = (
				BCB724F82955418A0041E8B6 /* Sources */,
				BCB724F92955418A0041E8B6 /* Frameworks */,
				BCB724FA2955418A0041E8B6 /* Resources */,
			);
			buildRules = (
			);
			dependencies = (
			);
			name = xylophone;
			productName = xylophone;
			productReference = BCB724FC2955418A0041E8B6 /* xylophone.app */;
			productType = "com.apple.product-type.application";
		};
/* End PBXNativeTarget section */

/* Begin PBXProject section */
		BCB724F42955418A0041E8B6 /* Project object */ = {
			isa = PBXProject;
			attributes = {
				BuildIndependentTargetsInParallel = 1;
				LastSwiftUpdateCheck = 1420;
				LastUpgradeCheck = 1420;
				TargetAttributes = {
					BCB724FB2955418A0041E8B6 = {
						CreatedOnToolsVersion = 14.2;
					};
				};
			};
			buildConfigurationList = BCB724F72955418A0041E8B6 /* Build configuration list for PBXProject "xylophone" */;
			compatibilityVersion = "Xcode 14.0";
			developmentRegion = en;
			hasScannedForEncodings = 0;
			knownRegions = (
				en,
				Base,
			);
			mainGroup = BCB724F32955418A0041E8B6;
			productRefGroup = BCB724FD2955418A0041E8B6 /* Products */;
			projectDirPath = "";
			projectRoot = "";
			targets = (
				BCB724FB2955418A0041E8B6 /* xylophone */,
			);
		};
/* End PBXProject section */

/* Begin PBXResourcesBuildPhase section */
		BCB724FA2955418A0041E8B6 /* Resources */ = {
			isa = PBXResourcesBuildPhase;
			buildActionMask = 2147483647;
			files = (
				BCB7252A295555780041E8B6 /* G.wav in Resources */,
				BCB7250C2955418B0041E8B6 /* LaunchScreen.storyboard in Resources */,
				BCB72529295555780041E8B6 /* F.wav in Resources */,
				BCB725092955418B0041E8B6 /* Assets.xcassets in Resources */,
				BCB72526295555780041E8B6 /* A.wav in Resources */,
				BCB72528295555780041E8B6 /* B.wav in Resources */,
				BCB7252B295555780041E8B6 /* E.wav in Resources */,
				BCB7252C295555780041E8B6 /* D.wav in Resources */,
				BCB725072955418A0041E8B6 /* Main.storyboard in Resources */,
				BCB72527295555780041E8B6 /* C.wav in Resources */,
			);
			runOnlyForDeploymentPostprocessing = 0;
		};
/* End PBXResourcesBuildPhase section */

/* Begin PBXSourcesBuildPhase section */
		BCB724F82955418A0041E8B6 /* Sources */ = {
			isa = PBXSourcesBuildPhase;
			buildActionMask = 2147483647;
			files = (
				BCB725042955418A0041E8B6 /* ViewController.swift in Sources */,
				BCB725002955418A0041E8B6 /* AppDelegate.swift in Sources */,
				BCB725022955418A0041E8B6 /* SceneDelegate.swift in Sources */,
			);
			runOnlyForDeploymentPostprocessing = 0;
		};
/* End PBXSourcesBuildPhase section */

/* Begin PBXVariantGroup section */
		BCB725052955418A0041E8B6 /* Main.storyboard */ = {
			isa = PBXVariantGroup;
			children = (
				BCB725062955418A0041E8B6 /* Base */,
			);
			name = Main.storyboard;
			sourceTree = "<group>";
		};
		BCB7250A2955418B0041E8B6 /* LaunchScreen.storyboard */ = {
			isa = PBXVariantGroup;
			children = (
				BCB7250B2955418B0041E8B6 /* Base */,
			);
			name = LaunchScreen.storyboard;
			sourceTree = "<group>";
		};
/* End PBXVariantGroup section */

/* Begin XCBuildConfiguration section */
		BCB7250E2955418B0041E8B6 /* Debug */ = {
			isa = XCBuildConfiguration;
			buildSettings = {
				ALWAYS_SEARCH_USER_PATHS = NO;
				CLANG_ANALYZER_NONNULL = YES;
				CLANG_ANALYZER_NUMBER_OBJECT_CONVERSION = YES_AGGRESSIVE;
				CLANG_CXX_LANGUAGE_STANDARD = "gnu++20";
				CLANG_ENABLE_MODULES = YES;
				CLANG_ENABLE_OBJC_ARC = YES;
				CLANG_ENABLE_OBJC_WEAK = YES;
				CLANG_WARN_BLOCK_CAPTURE_AUTORELEASING = YES;
				CLANG_WARN_BOOL_CONVERSION = YES;
				CLANG_WARN_COMMA = YES;
				CLANG_WARN_CONSTANT_CONVERSION = YES;
				CLANG_WARN_DEPRECATED_OBJC_IMPLEMENTATIONS = YES;
				CLANG_WARN_DIRECT_OBJC_ISA_USAGE = YES_ERROR;
				CLANG_WARN_DOCUMENTATION_COMMENTS = YES;
				CLANG_WARN_EMPTY_BODY = YES;
				CLANG_WARN_ENUM_CONVERSION = YES;
				CLANG_WARN_INFINITE_RECURSION = YES;
				CLANG_WARN_INT_CONVERSION = YES;
				CLANG_WARN_NON_LITERAL_NULL_CONVERSION = YES;
				CLANG_WARN_OBJC_IMPLICIT_RETAIN_SELF = YES;
				CLANG_WARN_OBJC_LITERAL_CONVERSION = YES;
				CLANG_WARN_OBJC_ROOT_CLASS = YES_ERROR;
				CLANG_WARN_QUOTED_INCLUDE_IN_FRAMEWORK_HEADER = YES;
				CLANG_WARN_RANGE_LOOP_ANALYSIS = YES;
				CLANG_WARN_STRICT_PROTOTYPES = YES;
				CLANG_WARN_SUSPICIOUS_MOVE = YES;
				CLANG_WARN_UNGUARDED_AVAILABILITY = YES_AGGRESSIVE;
				CLANG_WARN_UNREACHABLE_CODE = YES;
				CLANG_WARN__DUPLICATE_METHOD_MATCH = YES;
				COPY_PHASE_STRIP = NO;
				DEBUG_INFORMATION_FORMAT = dwarf;
				ENABLE_STRICT_OBJC_MSGSEND = YES;
				ENABLE_TESTABILITY = YES;
				GCC_C_LANGUAGE_STANDARD = gnu11;
				GCC_DYNAMIC_NO_PIC = NO;
				GCC_NO_COMMON_BLOCKS = YES;
				GCC_OPTIMIZATION_LEVEL = 0;
				GCC_PREPROCESSOR_DEFINITIONS = (
					"DEBUG=1",
					"$(inherited)",
				);
				GCC_WARN_64_TO_32_BIT_CONVERSION = YES;
				GCC_WARN_ABOUT_RETURN_TYPE = YES_ERROR;
				GCC_WARN_UNDECLARED_SELECTOR = YES;
				GCC_WARN_UNINITIALIZED_AUTOS = YES_AGGRESSIVE;
				GCC_WARN_UNUSED_FUNCTION = YES;
				GCC_WARN_UNUSED_VARIABLE = YES;
				IPHONEOS_DEPLOYMENT_TARGET = 16.2;
				MTL_ENABLE_DEBUG_INFO = INCLUDE_SOURCE;
				MTL_FAST_MATH = YES;
				ONLY_ACTIVE_ARCH = YES;
				SDKROOT = iphoneos;
				SWIFT_ACTIVE_COMPILATION_CONDITIONS = DEBUG;
				SWIFT_OPTIMIZATION_LEVEL = "-Onone";
			};
			name = Debug;
		};
		BCB7250F2955418B0041E8B6 /* Release */ = {
			isa = XCBuildConfiguration;
			buildSettings = {
				ALWAYS_SEARCH_USER_PATHS = NO;
				CLANG_ANALYZER_NONNULL = YES;
				CLANG_ANALYZER_NUMBER_OBJECT_CONVERSION = YES_AGGRESSIVE;
				CLANG_CXX_LANGUAGE_STANDARD = "gnu++20";
				CLANG_ENABLE_MODULES = YES;
				CLANG_ENABLE_OBJC_ARC = YES;
				CLANG_ENABLE_OBJC_WEAK = YES;
				CLANG_WARN_BLOCK_CAPTURE_AUTORELEASING = YES;
				CLANG_WARN_BOOL_CONVERSION = YES;
				CLANG_WARN_COMMA = YES;
				CLANG_WARN_CONSTANT_CONVERSION = YES;
				CLANG_WARN_DEPRECATED_OBJC_IMPLEMENTATIONS = YES;
				CLANG_WARN_DIRECT_OBJC_ISA_USAGE = YES_ERROR;
				CLANG_WARN_DOCUMENTATION_COMMENTS = YES;
				CLANG_WARN_EMPTY_BODY = YES;
				CLANG_WARN_ENUM_CONVERSION = YES;
				CLANG_WARN_INFINITE_RECURSION = YES;
				CLANG_WARN_INT_CONVERSION = YES;
				CLANG_WARN_NON_LITERAL_NULL_CONVERSION = YES;
				CLANG_WARN_OBJC_IMPLICIT_RETAIN_SELF = YES;
				CLANG_WARN_OBJC_LITERAL_CONVERSION = YES;
				CLANG_WARN_OBJC_ROOT_CLASS = YES_ERROR;
				CLANG_WARN_QUOTED_INCLUDE_IN_FRAMEWORK_HEADER = YES;
				CLANG_WARN_RANGE_LOOP_ANALYSIS = YES;
				CLANG_WARN_STRICT_PROTOTYPES = YES;
				CLANG_WARN_SUSPICIOUS_MOVE = YES;
				CLANG_WARN_UNGUARDED_AVAILABILITY = YES_AGGRESSIVE;
				CLANG_WARN_UNREACHABLE_CODE = YES;
				CLANG_WARN__DUPLICATE_METHOD_MATCH = YES;
				COPY_PHASE_STRIP = NO;
				DEBUG_INFORMATION_FORMAT = "dwarf-with-dsym";
				ENABLE_NS_ASSERTIONS = NO;
				ENABLE_STRICT_OBJC_MSGSEND = YES;
				GCC_C_LANGUAGE_STANDARD = gnu11;
				GCC_NO_COMMON_BLOCKS = YES;
				GCC_WARN_64_TO_32_BIT_CONVERSION = YES;
				GCC_WARN_ABOUT_RETURN_TYPE = YES_ERROR;
				GCC_WARN_UNDECLARED_SELECTOR = YES;
				GCC_WARN_UNINITIALIZED_AUTOS = YES_AGGRESSIVE;
				GCC_WARN_UNUSED_FUNCTION = YES;
				GCC_WARN_UNUSED_VARIABLE = YES;
				IPHONEOS_DEPLOYMENT_TARGET = 16.2;
				MTL_ENABLE_DEBUG_INFO = NO;
				MTL_FAST_MATH = YES;
				SDKROOT = iphoneos;
				SWIFT_COMPILATION_MODE = wholemodule;
				SWIFT_OPTIMIZATION_LEVEL = "-O";
				VALIDATE_PRODUCT = YES;
			};
			name = Release;
		};
		BCB725112955418B0041E8B6 /* Debug */ = {
			isa = XCBuildConfiguration;
			buildSettings = {
				ASSETCATALOG_COMPILER_APPICON_NAME = AppIcon;
				ASSETCATALOG_COMPILER_GLOBAL_ACCENT_COLOR_NAME = AccentColor;
				CODE_SIGN_STYLE = Automatic;
				CURRENT_PROJECT_VERSION = 1;
				GENERATE_INFOPLIST_FILE = YES;
				INFOPLIST_FILE = xylophone/Info.plist;
				INFOPLIST_KEY_UIApplicationSupportsIndirectInputEvents = YES;
				INFOPLIST_KEY_UILaunchStoryboardName = LaunchScreen;
				INFOPLIST_KEY_UIMainStoryboardFile = Main;
				INFOPLIST_KEY_UISupportedInterfaceOrientations_iPad = "UIInterfaceOrientationPortrait UIInterfaceOrientationPortraitUpsideDown UIInterfaceOrientationLandscapeLeft UIInterfaceOrientationLandscapeRight";
				INFOPLIST_KEY_UISupportedInterfaceOrientations_iPhone = "UIInterfaceOrientationPortrait UIInterfaceOrientationLandscapeLeft UIInterfaceOrientationLandscapeRight";
				LD_RUNPATH_SEARCH_PATHS = (
					"$(inherited)",
					"@executable_path/Frameworks",
				);
				MARKETING_VERSION = 1.0;
				PRODUCT_BUNDLE_IDENTIFIER = hanyang.ac.kr.xylophone;
				PRODUCT_NAME = "$(TARGET_NAME)";
				SWIFT_EMIT_LOC_STRINGS = YES;
				SWIFT_VERSION = 5.0;
				TARGETED_DEVICE_FAMILY = "1,2";
			};
			name = Debug;
		};
		BCB725122955418B0041E8B6 /* Release */ = {
			isa = XCBuildConfiguration;
			buildSettings = {
				ASSETCATALOG_COMPILER_APPICON_NAME = AppIcon;
				ASSETCATALOG_COMPILER_GLOBAL_ACCENT_COLOR_NAME = AccentColor;
				CODE_SIGN_STYLE = Automatic;
				CURRENT_PROJECT_VERSION = 1;
				GENERATE_INFOPLIST_FILE = YES;
				INFOPLIST_FILE = xylophone/Info.plist;
				INFOPLIST_KEY_UIApplicationSupportsIndirectInputEvents = YES;
				INFOPLIST_KEY_UILaunchStoryboardName = LaunchScreen;
				INFOPLIST_KEY_UIMainStoryboardFile = Main;
				INFOPLIST_KEY_UISupportedInterfaceOrientations_iPad = "UIInterfaceOrientationPortrait UIInterfaceOrientationPortraitUpsideDown UIInterfaceOrientationLandscapeLeft UIInterfaceOrientationLandscapeRight";
				INFOPLIST_KEY_UISupportedInterfaceOrientations_iPhone = "UIInterfaceOrientationPortrait UIInterfaceOrientationLandscapeLeft UIInterfaceOrientationLandscapeRight";
				LD_RUNPATH_SEARCH_PATHS = (
					"$(inherited)",
					"@executable_path/Frameworks",
				);
				MARKETING_VERSION = 1.0;
				PRODUCT_BUNDLE_IDENTIFIER = hanyang.ac.kr.xylophone;
				PRODUCT_NAME = "$(TARGET_NAME)";
				SWIFT_EMIT_LOC_STRINGS = YES;
				SWIFT_VERSION = 5.0;
				TARGETED_DEVICE_FAMILY = "1,2";
			};
			name = Release;
		};
/* End XCBuildConfiguration section */

/* Begin XCConfigurationList section */
		BCB724F72955418A0041E8B6 /* Build configuration list for PBXProject "xylophone" */ = {
			isa = XCConfigurationList;
			buildConfigurations = (
				BCB7250E2955418B0041E8B6 /* Debug */,
				BCB7250F2955418B0041E8B6 /* Release */,
			);
			defaultConfigurationIsVisible = 0;
			defaultConfigurationName = Release;
		};
		BCB725102955418B0041E8B6 /* Build configuration list for PBXNativeTarget "xylophone" */ = {
			isa = XCConfigurationList;
			buildConfigurations = (
				BCB725112955418B0041E8B6 /* Debug */,
				BCB725122955418B0041E8B6 /* Release */,
			);
			defaultConfigurationIsVisible = 0;
			defaultConfigurationName = Release;
		};
/* End XCConfigurationList section */
	};
	rootObject = BCB724F42955418A0041E8B6 /* Project object */;
}
